
Microsoft Visual Studio Solution File, Format Version 12.00
# Visual Studio Version 16
VisualStudioVersion = 16.0.31729.503
MinimumVisualStudioVersion = 10.0.40219.1
Project("{9A19103F-16F7-4668-BE54-9A1E7A4F7556}") = "DotNetCore5.0", "DotNetCore5.0\DotNetCore5.0.csproj", "{A09C82BE-D671-46DB-A75D-BD881A0D447C}"
EndProject
Project("{9A19103F-16F7-4668-BE54-9A1E7A4F7556}") = "TestNetCore", "TestNetCore\TestNetCore.csproj", "{FDA22F39-E10F-41B5-8397-EE24548A6B05}"
EndProject
Project("{9A19103F-16F7-4668-BE54-9A1E7A4F7556}") = "HelloASP", "HelloASP\HelloASP.csproj", "{9C3DCD3B-4475-421D-A225-395552D969C9}"
EndProject
Project("{9A19103F-16F7-4668-BE54-9A1E7A4F7556}") = "CreatMiddleware", "CreatMiddleware\CreatMiddleware.csproj", "{D4C0628E-8717-47CC-87B4-2F2533E773DE}"
EndProject
Project("{9A19103F-16F7-4668-BE54-9A1E7A4F7556}") = "ASP.DOTNET03", "ASP.DOTNET03\ASP.DOTNET03.csproj", "{7FDF292F-B3DA-40E7-B2B1-963BBD5853E9}"
EndProject
Project("{FAE04EC0-301F-11D3-BF4B-00C04F79EFBC}") = "ASP04", "ASP04\ASP04.csproj", "{D2FE02EF-642A-47B2-84C7-BB946A5D8106}"
EndProject
Project("{9A19103F-16F7-4668-BE54-9A1E7A4F7556}") = "ASP.NET05", "ASP.NET05\ASP.NET05.csproj", "{40889E55-C079-447F-B520-69680C620376}"
EndProject
Project("{9A19103F-16F7-4668-BE54-9A1E7A4F7556}") = "ASP.NET06", "ASP.NET06\ASP.NET06.csproj", "{D1346DE3-724D-4BF6-85E1-DAB1AD290F38}"
EndProject
Project("{9A19103F-16F7-4668-BE54-9A1E7A4F7556}") = "ASP07.NET", "ASP.NET\ASP07.NET.csproj", "{63B5021E-0E41-4D56-89CD-582B60EC4622}"
EndProject
Project("{FAE04EC0-301F-11D3-BF4B-00C04F79EFBC}") = "ASP.NET08", "ASP.NET08\ASP.NET08.csproj", "{419340CE-2175-417D-B511-066F8D679705}"
EndProject
Project("{9A19103F-16F7-4668-BE54-9A1E7A4F7556}") = "ASP.NETLayout", "ASP.NET09\ASP.NETLayout.csproj", "{67FCC765-7EBC-4BBE-9052-FB6CB33F3F2C}"
EndProject
Project("{9A19103F-16F7-4668-BE54-9A1E7A4F7556}") = "ASP.NETPartialViewandViewComponent", "ASP.NETPartialViewandViewComponent\ASP.NETPartialViewandViewComponent.csproj", "{60787037-BE56-485D-9A02-C259C1107C66}"
EndProject
Project("{9A19103F-16F7-4668-BE54-9A1E7A4F7556}") = "TagHeplerExample", "TagHeplerExample\TagHeplerExample.csproj", "{8000D65C-7800-4B57-8FC3-9A3C79B8CACD}"
EndProject
Project("{9A19103F-16F7-4668-BE54-9A1E7A4F7556}") = "PageModelExample", "PageModelExample\PageModelExample.csproj", "{DC0F2C10-532B-4A20-930B-2A8E5298B399}"
EndProject
Project("{FAE04EC0-301F-11D3-BF4B-00C04F79EFBC}") = "ValidationExample", "ValidationExample\ValidationExample.csproj", "{1BED70EE-6358-4919-B198-201657B9DCE9}"
EndProject
Global
	GlobalSection(SolutionConfigurationPlatforms) = preSolution
		Debug|Any CPU = Debug|Any CPU
		Release|Any CPU = Release|Any CPU
	EndGlobalSection
	GlobalSection(ProjectConfigurationPlatforms) = postSolution
		{A09C82BE-D671-46DB-A75D-BD881A0D447C}.Debug|Any CPU.ActiveCfg = Debug|Any CPU
		{A09C82BE-D671-46DB-A75D-BD881A0D447C}.Debug|Any CPU.Build.0 = Debug|Any CPU
		{A09C82BE-D671-46DB-A75D-BD881A0D447C}.Release|Any CPU.ActiveCfg = Release|Any CPU
		{A09C82BE-D671-46DB-A75D-BD881A0D447C}.Release|Any CPU.Build.0 = Release|Any CPU
		{FDA22F39-E10F-41B5-8397-EE24548A6B05}.Debug|Any CPU.ActiveCfg = Debug|Any CPU
		{FDA22F39-E10F-41B5-8397-EE24548A6B05}.Debug|Any CPU.Build.0 = Debug|Any CPU
		{FDA22F39-E10F-41B5-8397-EE24548A6B05}.Release|Any CPU.ActiveCfg = Release|Any CPU
		{FDA22F39-E10F-41B5-8397-EE24548A6B05}.Release|Any CPU.Build.0 = Release|Any CPU
		{9C3DCD3B-4475-421D-A225-395552D969C9}.Debug|Any CPU.ActiveCfg = Debug|Any CPU
		{9C3DCD3B-4475-421D-A225-395552D969C9}.Debug|Any CPU.Build.0 = Debug|Any CPU
		{9C3DCD3B-4475-421D-A225-395552D969C9}.Release|Any CPU.ActiveCfg = Release|Any CPU
		{9C3DCD3B-4475-421D-A225-395552D969C9}.Release|Any CPU.Build.0 = Release|Any CPU
		{D4C0628E-8717-47CC-87B4-2F2533E773DE}.Debug|Any CPU.ActiveCfg = Debug|Any CPU
		{D4C0628E-8717-47CC-87B4-2F2533E773DE}.Debug|Any CPU.Build.0 = Debug|Any CPU
		{D4C0628E-8717-47CC-87B4-2F2533E773DE}.Release|Any CPU.ActiveCfg = Release|Any CPU
		{D4C0628E-8717-47CC-87B4-2F2533E773DE}.Release|Any CPU.Build.0 = Release|Any CPU
		{7FDF292F-B3DA-40E7-B2B1-963BBD5853E9}.Debug|Any CPU.ActiveCfg = Debug|Any CPU
		{7FDF292F-B3DA-40E7-B2B1-963BBD5853E9}.Debug|Any CPU.Build.0 = Debug|Any CPU
		{7FDF292F-B3DA-40E7-B2B1-963BBD5853E9}.Release|Any CPU.ActiveCfg = Release|Any CPU
		{7FDF292F-B3DA-40E7-B2B1-963BBD5853E9}.Release|Any CPU.Build.0 = Release|Any CPU
		{D2FE02EF-642A-47B2-84C7-BB946A5D8106}.Debug|Any CPU.ActiveCfg = Debug|Any CPU
		{D2FE02EF-642A-47B2-84C7-BB946A5D8106}.Debug|Any CPU.Build.0 = Debug|Any CPU
		{D2FE02EF-642A-47B2-84C7-BB946A5D8106}.Release|Any CPU.ActiveCfg = Release|Any CPU
		{D2FE02EF-642A-47B2-84C7-BB946A5D8106}.Release|Any CPU.Build.0 = Release|Any CPU
		{40889E55-C079-447F-B520-69680C620376}.Debug|Any CPU.ActiveCfg = Debug|Any CPU
		{40889E55-C079-447F-B520-69680C620376}.Debug|Any CPU.Build.0 = Debug|Any CPU
		{40889E55-C079-447F-B520-69680C620376}.Release|Any CPU.ActiveCfg = Release|Any CPU
		{40889E55-C079-447F-B520-69680C620376}.Release|Any CPU.Build.0 = Release|Any CPU
		{D1346DE3-724D-4BF6-85E1-DAB1AD290F38}.Debug|Any CPU.ActiveCfg = Debug|Any CPU
		{D1346DE3-724D-4BF6-85E1-DAB1AD290F38}.Debug|Any CPU.Build.0 = Debug|Any CPU
		{D1346DE3-724D-4BF6-85E1-DAB1AD290F38}.Release|Any CPU.ActiveCfg = Release|Any CPU
		{D1346DE3-724D-4BF6-85E1-DAB1AD290F38}.Release|Any CPU.Build.0 = Release|Any CPU
		{63B5021E-0E41-4D56-89CD-582B60EC4622}.Debug|Any CPU.ActiveCfg = Debug|Any CPU
		{63B5021E-0E41-4D56-89CD-582B60EC4622}.Debug|Any CPU.Build.0 = Debug|Any CPU
		{63B5021E-0E41-4D56-89CD-582B60EC4622}.Release|Any CPU.ActiveCfg = Release|Any CPU
		{63B5021E-0E41-4D56-89CD-582B60EC4622}.Release|Any CPU.Build.0 = Release|Any CPU
		{419340CE-2175-417D-B511-066F8D679705}.Debug|Any CPU.ActiveCfg = Debug|Any CPU
		{419340CE-2175-417D-B511-066F8D679705}.Debug|Any CPU.Build.0 = Debug|Any CPU
		{419340CE-2175-417D-B511-066F8D679705}.Release|Any CPU.ActiveCfg = Release|Any CPU
		{419340CE-2175-417D-B511-066F8D679705}.Release|Any CPU.Build.0 = Release|Any CPU
		{67FCC765-7EBC-4BBE-9052-FB6CB33F3F2C}.Debug|Any CPU.ActiveCfg = Debug|Any CPU
		{67FCC765-7EBC-4BBE-9052-FB6CB33F3F2C}.Debug|Any CPU.Build.0 = Debug|Any CPU
		{67FCC765-7EBC-4BBE-9052-FB6CB33F3F2C}.Release|Any CPU.ActiveCfg = Release|Any CPU
		{67FCC765-7EBC-4BBE-9052-FB6CB33F3F2C}.Release|Any CPU.Build.0 = Release|Any CPU
		{60787037-BE56-485D-9A02-C259C1107C66}.Debug|Any CPU.ActiveCfg = Debug|Any CPU
		{60787037-BE56-485D-9A02-C259C1107C66}.Debug|Any CPU.Build.0 = Debug|Any CPU
		{60787037-BE56-485D-9A02-C259C1107C66}.Release|Any CPU.ActiveCfg = Release|Any CPU
		{60787037-BE56-485D-9A02-C259C1107C66}.Release|Any CPU.Build.0 = Release|Any CPU
		{8000D65C-7800-4B57-8FC3-9A3C79B8CACD}.Debug|Any CPU.ActiveCfg = Debug|Any CPU
		{8000D65C-7800-4B57-8FC3-9A3C79B8CACD}.Debug|Any CPU.Build.0 = Debug|Any CPU
		{8000D65C-7800-4B57-8FC3-9A3C79B8CACD}.Release|Any CPU.ActiveCfg = Release|Any CPU
		{8000D65C-7800-4B57-8FC3-9A3C79B8CACD}.Release|Any CPU.Build.0 = Release|Any CPU
		{DC0F2C10-532B-4A20-930B-2A8E5298B399}.Debug|Any CPU.ActiveCfg = Debug|Any CPU
		{DC0F2C10-532B-4A20-930B-2A8E5298B399}.Debug|Any CPU.Build.0 = Debug|Any CPU
		{DC0F2C10-532B-4A20-930B-2A8E5298B399}.Release|Any CPU.ActiveCfg = Release|Any CPU
		{DC0F2C10-532B-4A20-930B-2A8E5298B399}.Release|Any CPU.Build.0 = Release|Any CPU
		{1BED70EE-6358-4919-B198-201657B9DCE9}.Debug|Any CPU.ActiveCfg = Debug|Any CPU
		{1BED70EE-6358-4919-B198-201657B9DCE9}.Debug|Any CPU.Build.0 = Debug|Any CPU
		{1BED70EE-6358-4919-B198-201657B9DCE9}.Release|Any CPU.ActiveCfg = Release|Any CPU
		{1BED70EE-6358-4919-B198-201657B9DCE9}.Release|Any CPU.Build.0 = Release|Any CPU
	EndGlobalSection
	GlobalSection(SolutionProperties) = preSolution
		HideSolutionNode = FALSE
	EndGlobalSection
	GlobalSection(ExtensibilityGlobals) = postSolution
		SolutionGuid = {CCA9DE80-DA8C-4899-82EE-DDF12B62DA97}
	EndGlobalSection
EndGlobal
